
Microsoft Visual Studio Solution File, Format Version 12.00
# Visual Studio Version 16
VisualStudioVersion = 16.0.31205.134
MinimumVisualStudioVersion = 10.0.40219.1
Project("{FAE04EC0-301F-11D3-BF4B-00C04F79EFBC}") = "ChatBlazorApp.Server", "ChatBlazorApp\Server\ChatBlazorApp.Server.csproj", "{638963B0-2365-4EB1-91E6-ABF0C86AC1C4}"
EndProject
Project("{FAE04EC0-301F-11D3-BF4B-00C04F79EFBC}") = "ChatBlazorApp.Client", "ChatBlazorApp\Client\ChatBlazorApp.Client.csproj", "{B8702DF2-1E1A-4EA0-AD14-10CE35AA8E11}"
EndProject
Project("{FAE04EC0-301F-11D3-BF4B-00C04F79EFBC}") = "ChatBlazorApp.Shared", "ChatBlazorApp\Shared\ChatBlazorApp.Shared.csproj", "{58050594-FF79-4E62-914A-FC5C1B3198FA}"
EndProject
Global
	GlobalSection(SolutionConfigurationPlatforms) = preSolution
		Debug|Any CPU = Debug|Any CPU
		Release|Any CPU = Release|Any CPU
	EndGlobalSection
	GlobalSection(ProjectConfigurationPlatforms) = postSolution
		{638963B0-2365-4EB1-91E6-ABF0C86AC1C4}.Debug|Any CPU.ActiveCfg = Debug|Any CPU
		{638963B0-2365-4EB1-91E6-ABF0C86AC1C4}.Debug|Any CPU.Build.0 = Debug|Any CPU
		{638963B0-2365-4EB1-91E6-ABF0C86AC1C4}.Release|Any CPU.ActiveCfg = Release|Any CPU
		{638963B0-2365-4EB1-91E6-ABF0C86AC1C4}.Release|Any CPU.Build.0 = Release|Any CPU
		{B8702DF2-1E1A-4EA0-AD14-10CE35AA8E11}.Debug|Any CPU.ActiveCfg = Debug|Any CPU
		{B8702DF2-1E1A-4EA0-AD14-10CE35AA8E11}.Debug|Any CPU.Build.0 = Debug|Any CPU
		{B8702DF2-1E1A-4EA0-AD14-10CE35AA8E11}.Release|Any CPU.ActiveCfg = Release|Any CPU
		{B8702DF2-1E1A-4EA0-AD14-10CE35AA8E11}.Release|Any CPU.Build.0 = Release|Any CPU
		{58050594-FF79-4E62-914A-FC5C1B3198FA}.Debug|Any CPU.ActiveCfg = Debug|Any CPU
		{58050594-FF79-4E62-914A-FC5C1B3198FA}.Debug|Any CPU.Build.0 = Debug|Any CPU
		{58050594-FF79-4E62-914A-FC5C1B3198FA}.Release|Any CPU.ActiveCfg = Release|Any CPU
		{58050594-FF79-4E62-914A-FC5C1B3198FA}.Release|Any CPU.Build.0 = Release|Any CPU
	EndGlobalSection
	GlobalSection(SolutionProperties) = preSolution
		HideSolutionNode = FALSE
	EndGlobalSection
	GlobalSection(ExtensibilityGlobals) = postSolution
		SolutionGuid = {21A684AC-22B8-41BF-8B66-BBBFC9A0C94F}
	EndGlobalSection
EndGlobal
